
Microsoft Visual Studio Solution File, Format Version 12.00
# Visual Studio Version 17
VisualStudioVersion = 17.9.34622.214
MinimumVisualStudioVersion = 10.0.40219.1
Project("{2150E333-8FDC-42A3-9474-1A3956D46DE8}") = "src", "src", "{C38B8C6C-CD36-493C-9FED-0BFFCECF6837}"
EndProject
Project("{2150E333-8FDC-42A3-9474-1A3956D46DE8}") = "tests", "tests", "{FE46DEDE-115A-43B4-A254-5A395309AF7F}"
EndProject
Project("{2150E333-8FDC-42A3-9474-1A3956D46DE8}") = "Services", "Services", "{3239583A-D927-498C-8536-C226FFA90540}"
EndProject
Project("{2150E333-8FDC-42A3-9474-1A3956D46DE8}") = "IdentityService", "IdentityService", "{78FE6698-A98B-41E3-9FCF-FC88A72FC5EA}"
EndProject
Project("{2150E333-8FDC-42A3-9474-1A3956D46DE8}") = "UserProfileService", "UserProfileService", "{EC93347F-33AE-4964-BDEF-901E055E0A0D}"
EndProject
Project("{2150E333-8FDC-42A3-9474-1A3956D46DE8}") = "Core", "Core", "{D2DCC85A-28DF-463D-8402-815B4FFFF6EC}"
EndProject
Project("{9A19103F-16F7-4668-BE54-9A1E7A4F7556}") = "UserProfileService.Domain", "Domain\UserProfileService.Domain.csproj", "{F8141D77-1604-4C0B-BBDA-2D1FCB22B65B}"
EndProject
Project("{9A19103F-16F7-4668-BE54-9A1E7A4F7556}") = "UserProfileService.Application", "UserProfileService.Application\UserProfileService.Application.csproj", "{20D539A9-5124-4224-9A84-9ED416BCECFD}"
EndProject
Project("{2150E333-8FDC-42A3-9474-1A3956D46DE8}") = "Infrastructure", "Infrastructure", "{EC1EA466-FFBC-47D7-8B76-E5697D06DA6C}"
EndProject
Project("{9A19103F-16F7-4668-BE54-9A1E7A4F7556}") = "UserProfileService.Infrastructure", "UserProfileService.Infrastructure\UserProfileService.Infrastructure.csproj", "{08273D85-EF5E-429A-B862-8A3EF73BFA1F}"
EndProject
Project("{2150E333-8FDC-42A3-9474-1A3956D46DE8}") = "Presentation", "Presentation", "{C70A539D-5011-413C-B62A-34E5EE6457B9}"
EndProject
Project("{9A19103F-16F7-4668-BE54-9A1E7A4F7556}") = "UserProfile.Presentation", "UserProfile.Presentation\UserProfile.Presentation.csproj", "{BBB77F78-64D3-490C-9580-A883B6CEC818}"
EndProject
Project("{2150E333-8FDC-42A3-9474-1A3956D46DE8}") = "Presentation", "Presentation", "{1401DAD9-0B9D-493E-9FA2-A26F1137966D}"
EndProject
Project("{9A19103F-16F7-4668-BE54-9A1E7A4F7556}") = "Identiy.Service", "Identiy.Service\Identiy.Service.csproj", "{EEB292E2-FBCD-4546-80DD-A5E444326642}"
EndProject
Project("{2150E333-8FDC-42A3-9474-1A3956D46DE8}") = "Core", "Core", "{F9731E9B-B14A-4946-B8EC-45DA16C2C441}"
EndProject
Project("{9A19103F-16F7-4668-BE54-9A1E7A4F7556}") = "IdentityService.Application", "IdentityService.Application\IdentityService.Application.csproj", "{8B07E0C2-D61F-465A-A87F-A34E95A93933}"
EndProject
Global
	GlobalSection(SolutionConfigurationPlatforms) = preSolution
		Debug|Any CPU = Debug|Any CPU
		Release|Any CPU = Release|Any CPU
	EndGlobalSection
	GlobalSection(ProjectConfigurationPlatforms) = postSolution
		{F8141D77-1604-4C0B-BBDA-2D1FCB22B65B}.Debug|Any CPU.ActiveCfg = Debug|Any CPU
		{F8141D77-1604-4C0B-BBDA-2D1FCB22B65B}.Debug|Any CPU.Build.0 = Debug|Any CPU
		{F8141D77-1604-4C0B-BBDA-2D1FCB22B65B}.Release|Any CPU.ActiveCfg = Release|Any CPU
		{F8141D77-1604-4C0B-BBDA-2D1FCB22B65B}.Release|Any CPU.Build.0 = Release|Any CPU
		{20D539A9-5124-4224-9A84-9ED416BCECFD}.Debug|Any CPU.ActiveCfg = Debug|Any CPU
		{20D539A9-5124-4224-9A84-9ED416BCECFD}.Debug|Any CPU.Build.0 = Debug|Any CPU
		{20D539A9-5124-4224-9A84-9ED416BCECFD}.Release|Any CPU.ActiveCfg = Release|Any CPU
		{20D539A9-5124-4224-9A84-9ED416BCECFD}.Release|Any CPU.Build.0 = Release|Any CPU
		{08273D85-EF5E-429A-B862-8A3EF73BFA1F}.Debug|Any CPU.ActiveCfg = Debug|Any CPU
		{08273D85-EF5E-429A-B862-8A3EF73BFA1F}.Debug|Any CPU.Build.0 = Debug|Any CPU
		{08273D85-EF5E-429A-B862-8A3EF73BFA1F}.Release|Any CPU.ActiveCfg = Release|Any CPU
		{08273D85-EF5E-429A-B862-8A3EF73BFA1F}.Release|Any CPU.Build.0 = Release|Any CPU
		{BBB77F78-64D3-490C-9580-A883B6CEC818}.Debug|Any CPU.ActiveCfg = Debug|Any CPU
		{BBB77F78-64D3-490C-9580-A883B6CEC818}.Debug|Any CPU.Build.0 = Debug|Any CPU
		{BBB77F78-64D3-490C-9580-A883B6CEC818}.Release|Any CPU.ActiveCfg = Release|Any CPU
		{BBB77F78-64D3-490C-9580-A883B6CEC818}.Release|Any CPU.Build.0 = Release|Any CPU
		{EEB292E2-FBCD-4546-80DD-A5E444326642}.Debug|Any CPU.ActiveCfg = Debug|Any CPU
		{EEB292E2-FBCD-4546-80DD-A5E444326642}.Debug|Any CPU.Build.0 = Debug|Any CPU
		{EEB292E2-FBCD-4546-80DD-A5E444326642}.Release|Any CPU.ActiveCfg = Release|Any CPU
		{EEB292E2-FBCD-4546-80DD-A5E444326642}.Release|Any CPU.Build.0 = Release|Any CPU
		{8B07E0C2-D61F-465A-A87F-A34E95A93933}.Debug|Any CPU.ActiveCfg = Debug|Any CPU
		{8B07E0C2-D61F-465A-A87F-A34E95A93933}.Debug|Any CPU.Build.0 = Debug|Any CPU
		{8B07E0C2-D61F-465A-A87F-A34E95A93933}.Release|Any CPU.ActiveCfg = Release|Any CPU
		{8B07E0C2-D61F-465A-A87F-A34E95A93933}.Release|Any CPU.Build.0 = Release|Any CPU
	EndGlobalSection
	GlobalSection(SolutionProperties) = preSolution
		HideSolutionNode = FALSE
	EndGlobalSection
	GlobalSection(NestedProjects) = preSolution
		{3239583A-D927-498C-8536-C226FFA90540} = {C38B8C6C-CD36-493C-9FED-0BFFCECF6837}
		{78FE6698-A98B-41E3-9FCF-FC88A72FC5EA} = {3239583A-D927-498C-8536-C226FFA90540}
		{EC93347F-33AE-4964-BDEF-901E055E0A0D} = {3239583A-D927-498C-8536-C226FFA90540}
		{D2DCC85A-28DF-463D-8402-815B4FFFF6EC} = {EC93347F-33AE-4964-BDEF-901E055E0A0D}
		{F8141D77-1604-4C0B-BBDA-2D1FCB22B65B} = {D2DCC85A-28DF-463D-8402-815B4FFFF6EC}
		{20D539A9-5124-4224-9A84-9ED416BCECFD} = {D2DCC85A-28DF-463D-8402-815B4FFFF6EC}
		{EC1EA466-FFBC-47D7-8B76-E5697D06DA6C} = {EC93347F-33AE-4964-BDEF-901E055E0A0D}
		{08273D85-EF5E-429A-B862-8A3EF73BFA1F} = {EC1EA466-FFBC-47D7-8B76-E5697D06DA6C}
		{C70A539D-5011-413C-B62A-34E5EE6457B9} = {EC93347F-33AE-4964-BDEF-901E055E0A0D}
		{BBB77F78-64D3-490C-9580-A883B6CEC818} = {C70A539D-5011-413C-B62A-34E5EE6457B9}
		{1401DAD9-0B9D-493E-9FA2-A26F1137966D} = {78FE6698-A98B-41E3-9FCF-FC88A72FC5EA}
		{EEB292E2-FBCD-4546-80DD-A5E444326642} = {1401DAD9-0B9D-493E-9FA2-A26F1137966D}
		{F9731E9B-B14A-4946-B8EC-45DA16C2C441} = {78FE6698-A98B-41E3-9FCF-FC88A72FC5EA}
		{8B07E0C2-D61F-465A-A87F-A34E95A93933} = {F9731E9B-B14A-4946-B8EC-45DA16C2C441}
	EndGlobalSection
	GlobalSection(ExtensibilityGlobals) = postSolution
		SolutionGuid = {20E4EC0C-9E33-4564-93A0-024C08CD33D6}
	EndGlobalSection
EndGlobal
